
Microsoft Visual Studio Solution File, Format Version 12.00
# Visual Studio 15
VisualStudioVersion = 15.0.26124.0
MinimumVisualStudioVersion = 15.0.26124.0
Project("{2150E333-8FDC-42A3-9474-1A3956D46DE8}") = "src", "src", "{564BA1B8-5E4D-46E8-A5FB-407D56FD581A}"
EndProject
Project("{FAE04EC0-301F-11D3-BF4B-00C04F79EFBC}") = "Auth.Core", "src\Auth.Core\Auth.Core.csproj", "{DD7826F4-7548-4E50-A116-A59C19D3A4FF}"
EndProject
Project("{FAE04EC0-301F-11D3-BF4B-00C04F79EFBC}") = "Auth.Infrastructure", "src\Auth.Infrastructure\Auth.Infrastructure.csproj", "{067C0D44-BD3A-429E-91AC-911B422914CC}"
EndProject
Project("{FAE04EC0-301F-11D3-BF4B-00C04F79EFBC}") = "Auth.Api", "src\Auth.Api\Auth.Api.csproj", "{F3B67695-892D-4ACE-B260-3A255B447D97}"
EndProject
Project("{FAE04EC0-301F-11D3-BF4B-00C04F79EFBC}") = "Auth.Server", "src\Auth.Server\Auth.Server.csproj", "{1411E244-2C38-41FA-8B38-D48AC4316CE7}"
EndProject
Global
	GlobalSection(SolutionConfigurationPlatforms) = preSolution
		Debug|Any CPU = Debug|Any CPU
		Debug|x64 = Debug|x64
		Debug|x86 = Debug|x86
		Release|Any CPU = Release|Any CPU
		Release|x64 = Release|x64
		Release|x86 = Release|x86
	EndGlobalSection
	GlobalSection(SolutionProperties) = preSolution
		HideSolutionNode = FALSE
	EndGlobalSection
	GlobalSection(ProjectConfigurationPlatforms) = postSolution
		{DD7826F4-7548-4E50-A116-A59C19D3A4FF}.Debug|Any CPU.ActiveCfg = Debug|Any CPU
		{DD7826F4-7548-4E50-A116-A59C19D3A4FF}.Debug|Any CPU.Build.0 = Debug|Any CPU
		{DD7826F4-7548-4E50-A116-A59C19D3A4FF}.Debug|x64.ActiveCfg = Debug|Any CPU
		{DD7826F4-7548-4E50-A116-A59C19D3A4FF}.Debug|x64.Build.0 = Debug|Any CPU
		{DD7826F4-7548-4E50-A116-A59C19D3A4FF}.Debug|x86.ActiveCfg = Debug|Any CPU
		{DD7826F4-7548-4E50-A116-A59C19D3A4FF}.Debug|x86.Build.0 = Debug|Any CPU
		{DD7826F4-7548-4E50-A116-A59C19D3A4FF}.Release|Any CPU.ActiveCfg = Release|Any CPU
		{DD7826F4-7548-4E50-A116-A59C19D3A4FF}.Release|Any CPU.Build.0 = Release|Any CPU
		{DD7826F4-7548-4E50-A116-A59C19D3A4FF}.Release|x64.ActiveCfg = Release|Any CPU
		{DD7826F4-7548-4E50-A116-A59C19D3A4FF}.Release|x64.Build.0 = Release|Any CPU
		{DD7826F4-7548-4E50-A116-A59C19D3A4FF}.Release|x86.ActiveCfg = Release|Any CPU
		{DD7826F4-7548-4E50-A116-A59C19D3A4FF}.Release|x86.Build.0 = Release|Any CPU
		{067C0D44-BD3A-429E-91AC-911B422914CC}.Debug|Any CPU.ActiveCfg = Debug|Any CPU
		{067C0D44-BD3A-429E-91AC-911B422914CC}.Debug|Any CPU.Build.0 = Debug|Any CPU
		{067C0D44-BD3A-429E-91AC-911B422914CC}.Debug|x64.ActiveCfg = Debug|Any CPU
		{067C0D44-BD3A-429E-91AC-911B422914CC}.Debug|x64.Build.0 = Debug|Any CPU
		{067C0D44-BD3A-429E-91AC-911B422914CC}.Debug|x86.ActiveCfg = Debug|Any CPU
		{067C0D44-BD3A-429E-91AC-911B422914CC}.Debug|x86.Build.0 = Debug|Any CPU
		{067C0D44-BD3A-429E-91AC-911B422914CC}.Release|Any CPU.ActiveCfg = Release|Any CPU
		{067C0D44-BD3A-429E-91AC-911B422914CC}.Release|Any CPU.Build.0 = Release|Any CPU
		{067C0D44-BD3A-429E-91AC-911B422914CC}.Release|x64.ActiveCfg = Release|Any CPU
		{067C0D44-BD3A-429E-91AC-911B422914CC}.Release|x64.Build.0 = Release|Any CPU
		{067C0D44-BD3A-429E-91AC-911B422914CC}.Release|x86.ActiveCfg = Release|Any CPU
		{067C0D44-BD3A-429E-91AC-911B422914CC}.Release|x86.Build.0 = Release|Any CPU
		{F3B67695-892D-4ACE-B260-3A255B447D97}.Debug|Any CPU.ActiveCfg = Debug|Any CPU
		{F3B67695-892D-4ACE-B260-3A255B447D97}.Debug|Any CPU.Build.0 = Debug|Any CPU
		{F3B67695-892D-4ACE-B260-3A255B447D97}.Debug|x64.ActiveCfg = Debug|Any CPU
		{F3B67695-892D-4ACE-B260-3A255B447D97}.Debug|x64.Build.0 = Debug|Any CPU
		{F3B67695-892D-4ACE-B260-3A255B447D97}.Debug|x86.ActiveCfg = Debug|Any CPU
		{F3B67695-892D-4ACE-B260-3A255B447D97}.Debug|x86.Build.0 = Debug|Any CPU
		{F3B67695-892D-4ACE-B260-3A255B447D97}.Release|Any CPU.ActiveCfg = Release|Any CPU
		{F3B67695-892D-4ACE-B260-3A255B447D97}.Release|Any CPU.Build.0 = Release|Any CPU
		{F3B67695-892D-4ACE-B260-3A255B447D97}.Release|x64.ActiveCfg = Release|Any CPU
		{F3B67695-892D-4ACE-B260-3A255B447D97}.Release|x64.Build.0 = Release|Any CPU
		{F3B67695-892D-4ACE-B260-3A255B447D97}.Release|x86.ActiveCfg = Release|Any CPU
		{F3B67695-892D-4ACE-B260-3A255B447D97}.Release|x86.Build.0 = Release|Any CPU
		{1411E244-2C38-41FA-8B38-D48AC4316CE7}.Debug|Any CPU.ActiveCfg = Debug|Any CPU
		{1411E244-2C38-41FA-8B38-D48AC4316CE7}.Debug|Any CPU.Build.0 = Debug|Any CPU
		{1411E244-2C38-41FA-8B38-D48AC4316CE7}.Debug|x64.ActiveCfg = Debug|Any CPU
		{1411E244-2C38-41FA-8B38-D48AC4316CE7}.Debug|x64.Build.0 = Debug|Any CPU
		{1411E244-2C38-41FA-8B38-D48AC4316CE7}.Debug|x86.ActiveCfg = Debug|Any CPU
		{1411E244-2C38-41FA-8B38-D48AC4316CE7}.Debug|x86.Build.0 = Debug|Any CPU
		{1411E244-2C38-41FA-8B38-D48AC4316CE7}.Release|Any CPU.ActiveCfg = Release|Any CPU
		{1411E244-2C38-41FA-8B38-D48AC4316CE7}.Release|Any CPU.Build.0 = Release|Any CPU
		{1411E244-2C38-41FA-8B38-D48AC4316CE7}.Release|x64.ActiveCfg = Release|Any CPU
		{1411E244-2C38-41FA-8B38-D48AC4316CE7}.Release|x64.Build.0 = Release|Any CPU
		{1411E244-2C38-41FA-8B38-D48AC4316CE7}.Release|x86.ActiveCfg = Release|Any CPU
		{1411E244-2C38-41FA-8B38-D48AC4316CE7}.Release|x86.Build.0 = Release|Any CPU
	EndGlobalSection
	GlobalSection(NestedProjects) = preSolution
		{DD7826F4-7548-4E50-A116-A59C19D3A4FF} = {564BA1B8-5E4D-46E8-A5FB-407D56FD581A}
		{067C0D44-BD3A-429E-91AC-911B422914CC} = {564BA1B8-5E4D-46E8-A5FB-407D56FD581A}
		{F3B67695-892D-4ACE-B260-3A255B447D97} = {564BA1B8-5E4D-46E8-A5FB-407D56FD581A}
		{1411E244-2C38-41FA-8B38-D48AC4316CE7} = {564BA1B8-5E4D-46E8-A5FB-407D56FD581A}
	EndGlobalSection
EndGlobal
